
Microsoft Visual Studio Solution File, Format Version 12.00
Project("{FAE04EC0-301F-11D3-BF4B-00C04F79EFBC}") = "task-0", "task-0\task-0.csproj", "{F52A3F6D-7B8D-444A-A6FD-629FD23EB098}"
EndProject
Project("{FAE04EC0-301F-11D3-BF4B-00C04F79EFBC}") = "task-1-1", "task-1-1\task-1-1.csproj", "{B2B01294-8247-45A5-AE23-6BAA8BABAB38}"
EndProject
Project("{FAE04EC0-301F-11D3-BF4B-00C04F79EFBC}") = "task-1-2", "task-1-2\task-1-2.csproj", "{FF06A1D7-1423-47A3-898C-AE8ED4D47BCF}"
EndProject
Project("{FAE04EC0-301F-11D3-BF4B-00C04F79EFBC}") = "task-1-3", "task-1-3\task-1-3.csproj", "{9A29DE95-342D-40F2-AA9E-E9FB39C7DCE0}"
EndProject
Project("{FAE04EC0-301F-11D3-BF4B-00C04F79EFBC}") = "task-1-4", "task-1-4\task-1-4.csproj", "{ECC6A567-847F-43B1-9556-E1B574C13201}"
EndProject
Global
	GlobalSection(SolutionConfigurationPlatforms) = preSolution
		Debug|Any CPU = Debug|Any CPU
		Release|Any CPU = Release|Any CPU
	EndGlobalSection
	GlobalSection(ProjectConfigurationPlatforms) = postSolution
		{F52A3F6D-7B8D-444A-A6FD-629FD23EB098}.Debug|Any CPU.ActiveCfg = Debug|Any CPU
		{F52A3F6D-7B8D-444A-A6FD-629FD23EB098}.Debug|Any CPU.Build.0 = Debug|Any CPU
		{F52A3F6D-7B8D-444A-A6FD-629FD23EB098}.Release|Any CPU.ActiveCfg = Release|Any CPU
		{F52A3F6D-7B8D-444A-A6FD-629FD23EB098}.Release|Any CPU.Build.0 = Release|Any CPU
		{B2B01294-8247-45A5-AE23-6BAA8BABAB38}.Debug|Any CPU.ActiveCfg = Debug|Any CPU
		{B2B01294-8247-45A5-AE23-6BAA8BABAB38}.Debug|Any CPU.Build.0 = Debug|Any CPU
		{B2B01294-8247-45A5-AE23-6BAA8BABAB38}.Release|Any CPU.ActiveCfg = Release|Any CPU
		{B2B01294-8247-45A5-AE23-6BAA8BABAB38}.Release|Any CPU.Build.0 = Release|Any CPU
		{FF06A1D7-1423-47A3-898C-AE8ED4D47BCF}.Debug|Any CPU.ActiveCfg = Debug|Any CPU
		{FF06A1D7-1423-47A3-898C-AE8ED4D47BCF}.Debug|Any CPU.Build.0 = Debug|Any CPU
		{FF06A1D7-1423-47A3-898C-AE8ED4D47BCF}.Release|Any CPU.ActiveCfg = Release|Any CPU
		{FF06A1D7-1423-47A3-898C-AE8ED4D47BCF}.Release|Any CPU.Build.0 = Release|Any CPU
		{9A29DE95-342D-40F2-AA9E-E9FB39C7DCE0}.Debug|Any CPU.ActiveCfg = Debug|Any CPU
		{9A29DE95-342D-40F2-AA9E-E9FB39C7DCE0}.Debug|Any CPU.Build.0 = Debug|Any CPU
		{9A29DE95-342D-40F2-AA9E-E9FB39C7DCE0}.Release|Any CPU.ActiveCfg = Release|Any CPU
		{9A29DE95-342D-40F2-AA9E-E9FB39C7DCE0}.Release|Any CPU.Build.0 = Release|Any CPU
		{ECC6A567-847F-43B1-9556-E1B574C13201}.Debug|Any CPU.ActiveCfg = Debug|Any CPU
		{ECC6A567-847F-43B1-9556-E1B574C13201}.Debug|Any CPU.Build.0 = Debug|Any CPU
		{ECC6A567-847F-43B1-9556-E1B574C13201}.Release|Any CPU.ActiveCfg = Release|Any CPU
		{ECC6A567-847F-43B1-9556-E1B574C13201}.Release|Any CPU.Build.0 = Release|Any CPU
	EndGlobalSection
EndGlobal
