
Microsoft Visual Studio Solution File, Format Version 12.00
Project("{FAE04EC0-301F-11D3-BF4B-00C04F79EFBC}") = "task-0", "task-0\task-0.csproj", "{F52A3F6D-7B8D-444A-A6FD-629FD23EB098}"
EndProject
Project("{FAE04EC0-301F-11D3-BF4B-00C04F79EFBC}") = "task-1-1", "task-1-1\task-1-1.csproj", "{B2B01294-8247-45A5-AE23-6BAA8BABAB38}"
EndProject
Project("{FAE04EC0-301F-11D3-BF4B-00C04F79EFBC}") = "task-1-2", "task-1-2\task-1-2.csproj", "{FF06A1D7-1423-47A3-898C-AE8ED4D47BCF}"
EndProject
Project("{FAE04EC0-301F-11D3-BF4B-00C04F79EFBC}") = "task-1-3", "task-1-3\task-1-3.csproj", "{9A29DE95-342D-40F2-AA9E-E9FB39C7DCE0}"
EndProject
Project("{FAE04EC0-301F-11D3-BF4B-00C04F79EFBC}") = "task-1-4", "task-1-4\task-1-4.csproj", "{ECC6A567-847F-43B1-9556-E1B574C13201}"
EndProject
Project("{FAE04EC0-301F-11D3-BF4B-00C04F79EFBC}") = "task-3-1", "task-3-1\task-3-1.csproj", "{40C7B6D0-4D83-4796-B208-52055481902B}"
EndProject
Project("{FAE04EC0-301F-11D3-BF4B-00C04F79EFBC}") = "task-3-2", "task-3-2\task-3-2.csproj", "{2A99EE86-7B2C-4249-9E1E-8A8F87499513}"
EndProject
Project("{FAE04EC0-301F-11D3-BF4B-00C04F79EFBC}") = "task-3-3", "task-3-3\task-3-3.csproj", "{B5C75164-140B-4CBE-991F-53A5A30A845B}"
EndProject
Project("{FAE04EC0-301F-11D3-BF4B-00C04F79EFBC}") = "task-3-4", "task-3-4\task-3-4.csproj", "{154BE5AB-EEA8-4083-9E16-229E32EEBB8D}"
EndProject
Project("{FAE04EC0-301F-11D3-BF4B-00C04F79EFBC}") = "task-3-5", "task-3-5\task-3-5.csproj", "{B1F049A0-75DF-440E-BE59-B3EE011D8C75}"
EndProject
Project("{FAE04EC0-301F-11D3-BF4B-00C04F79EFBC}") = "task-2-1", "task-2-1\task-2-1.csproj", "{C43E3F9D-B59B-464E-94D6-500A2BF2511A}"
EndProject
Project("{FAE04EC0-301F-11D3-BF4B-00C04F79EFBC}") = "task-2-2", "task-2-2\task-2-2.csproj", "{0A27F6EE-886D-48CD-87D3-BFC6A9AF83A5}"
EndProject
Project("{FAE04EC0-301F-11D3-BF4B-00C04F79EFBC}") = "task-2-3", "task-2-3\task-2-3.csproj", "{924ED6B1-D5F7-4BD1-9E65-E05AE6ED391E}"
EndProject
Project("{FAE04EC0-301F-11D3-BF4B-00C04F79EFBC}") = "task-2-4", "task-2-4\task-2-4.csproj", "{FC0AC18B-2D11-4ECC-A8F1-7391853F1F42}"
EndProject
Project("{FAE04EC0-301F-11D3-BF4B-00C04F79EFBC}") = "task-6-1", "task-6-1\task-6-1.csproj", "{9A630581-B5EC-4082-867A-8EFD6EBB051B}"
EndProject
Project("{FAE04EC0-301F-11D3-BF4B-00C04F79EFBC}") = "task-6-2", "task-6-2\task-6-2.csproj", "{E312F1BA-8700-4FB7-8D70-288CE35B4670}"
Project("{FAE04EC0-301F-11D3-BF4B-00C04F79EFBC}") = "task-7-1", "task-7-1\task-7-1.csproj", "{E87906E4-1E0F-4EA5-B66F-DA02091AAB5E}"
EndProject
Global
	GlobalSection(SolutionConfigurationPlatforms) = preSolution
		Debug|Any CPU = Debug|Any CPU
		Release|Any CPU = Release|Any CPU
	EndGlobalSection
	GlobalSection(ProjectConfigurationPlatforms) = postSolution
		{F52A3F6D-7B8D-444A-A6FD-629FD23EB098}.Debug|Any CPU.ActiveCfg = Debug|Any CPU
		{F52A3F6D-7B8D-444A-A6FD-629FD23EB098}.Debug|Any CPU.Build.0 = Debug|Any CPU
		{F52A3F6D-7B8D-444A-A6FD-629FD23EB098}.Release|Any CPU.ActiveCfg = Release|Any CPU
		{F52A3F6D-7B8D-444A-A6FD-629FD23EB098}.Release|Any CPU.Build.0 = Release|Any CPU
		{B2B01294-8247-45A5-AE23-6BAA8BABAB38}.Debug|Any CPU.ActiveCfg = Debug|Any CPU
		{B2B01294-8247-45A5-AE23-6BAA8BABAB38}.Debug|Any CPU.Build.0 = Debug|Any CPU
		{B2B01294-8247-45A5-AE23-6BAA8BABAB38}.Release|Any CPU.ActiveCfg = Release|Any CPU
		{B2B01294-8247-45A5-AE23-6BAA8BABAB38}.Release|Any CPU.Build.0 = Release|Any CPU
		{FF06A1D7-1423-47A3-898C-AE8ED4D47BCF}.Debug|Any CPU.ActiveCfg = Debug|Any CPU
		{FF06A1D7-1423-47A3-898C-AE8ED4D47BCF}.Debug|Any CPU.Build.0 = Debug|Any CPU
		{FF06A1D7-1423-47A3-898C-AE8ED4D47BCF}.Release|Any CPU.ActiveCfg = Release|Any CPU
		{FF06A1D7-1423-47A3-898C-AE8ED4D47BCF}.Release|Any CPU.Build.0 = Release|Any CPU
		{9A29DE95-342D-40F2-AA9E-E9FB39C7DCE0}.Debug|Any CPU.ActiveCfg = Debug|Any CPU
		{9A29DE95-342D-40F2-AA9E-E9FB39C7DCE0}.Debug|Any CPU.Build.0 = Debug|Any CPU
		{9A29DE95-342D-40F2-AA9E-E9FB39C7DCE0}.Release|Any CPU.ActiveCfg = Release|Any CPU
		{9A29DE95-342D-40F2-AA9E-E9FB39C7DCE0}.Release|Any CPU.Build.0 = Release|Any CPU
		{ECC6A567-847F-43B1-9556-E1B574C13201}.Debug|Any CPU.ActiveCfg = Debug|Any CPU
		{ECC6A567-847F-43B1-9556-E1B574C13201}.Debug|Any CPU.Build.0 = Debug|Any CPU
		{ECC6A567-847F-43B1-9556-E1B574C13201}.Release|Any CPU.ActiveCfg = Release|Any CPU
		{ECC6A567-847F-43B1-9556-E1B574C13201}.Release|Any CPU.Build.0 = Release|Any CPU
		{40C7B6D0-4D83-4796-B208-52055481902B}.Debug|Any CPU.ActiveCfg = Debug|Any CPU
		{40C7B6D0-4D83-4796-B208-52055481902B}.Debug|Any CPU.Build.0 = Debug|Any CPU
		{40C7B6D0-4D83-4796-B208-52055481902B}.Release|Any CPU.ActiveCfg = Release|Any CPU
		{40C7B6D0-4D83-4796-B208-52055481902B}.Release|Any CPU.Build.0 = Release|Any CPU
		{2A99EE86-7B2C-4249-9E1E-8A8F87499513}.Debug|Any CPU.ActiveCfg = Debug|Any CPU
		{2A99EE86-7B2C-4249-9E1E-8A8F87499513}.Debug|Any CPU.Build.0 = Debug|Any CPU
		{2A99EE86-7B2C-4249-9E1E-8A8F87499513}.Release|Any CPU.ActiveCfg = Release|Any CPU
		{2A99EE86-7B2C-4249-9E1E-8A8F87499513}.Release|Any CPU.Build.0 = Release|Any CPU
		{B5C75164-140B-4CBE-991F-53A5A30A845B}.Debug|Any CPU.ActiveCfg = Debug|Any CPU
		{B5C75164-140B-4CBE-991F-53A5A30A845B}.Debug|Any CPU.Build.0 = Debug|Any CPU
		{B5C75164-140B-4CBE-991F-53A5A30A845B}.Release|Any CPU.ActiveCfg = Release|Any CPU
		{B5C75164-140B-4CBE-991F-53A5A30A845B}.Release|Any CPU.Build.0 = Release|Any CPU
		{154BE5AB-EEA8-4083-9E16-229E32EEBB8D}.Debug|Any CPU.ActiveCfg = Debug|Any CPU
		{154BE5AB-EEA8-4083-9E16-229E32EEBB8D}.Debug|Any CPU.Build.0 = Debug|Any CPU
		{154BE5AB-EEA8-4083-9E16-229E32EEBB8D}.Release|Any CPU.ActiveCfg = Release|Any CPU
		{154BE5AB-EEA8-4083-9E16-229E32EEBB8D}.Release|Any CPU.Build.0 = Release|Any CPU
		{B1F049A0-75DF-440E-BE59-B3EE011D8C75}.Debug|Any CPU.ActiveCfg = Debug|Any CPU
		{B1F049A0-75DF-440E-BE59-B3EE011D8C75}.Debug|Any CPU.Build.0 = Debug|Any CPU
		{B1F049A0-75DF-440E-BE59-B3EE011D8C75}.Release|Any CPU.ActiveCfg = Release|Any CPU
		{B1F049A0-75DF-440E-BE59-B3EE011D8C75}.Release|Any CPU.Build.0 = Release|Any CPU
		{C43E3F9D-B59B-464E-94D6-500A2BF2511A}.Debug|Any CPU.ActiveCfg = Debug|Any CPU
		{C43E3F9D-B59B-464E-94D6-500A2BF2511A}.Debug|Any CPU.Build.0 = Debug|Any CPU
		{C43E3F9D-B59B-464E-94D6-500A2BF2511A}.Release|Any CPU.ActiveCfg = Release|Any CPU
		{C43E3F9D-B59B-464E-94D6-500A2BF2511A}.Release|Any CPU.Build.0 = Release|Any CPU
		{0A27F6EE-886D-48CD-87D3-BFC6A9AF83A5}.Debug|Any CPU.ActiveCfg = Debug|Any CPU
		{0A27F6EE-886D-48CD-87D3-BFC6A9AF83A5}.Debug|Any CPU.Build.0 = Debug|Any CPU
		{0A27F6EE-886D-48CD-87D3-BFC6A9AF83A5}.Release|Any CPU.ActiveCfg = Release|Any CPU
		{0A27F6EE-886D-48CD-87D3-BFC6A9AF83A5}.Release|Any CPU.Build.0 = Release|Any CPU
		{924ED6B1-D5F7-4BD1-9E65-E05AE6ED391E}.Debug|Any CPU.ActiveCfg = Debug|Any CPU
		{924ED6B1-D5F7-4BD1-9E65-E05AE6ED391E}.Debug|Any CPU.Build.0 = Debug|Any CPU
		{924ED6B1-D5F7-4BD1-9E65-E05AE6ED391E}.Release|Any CPU.ActiveCfg = Release|Any CPU
		{924ED6B1-D5F7-4BD1-9E65-E05AE6ED391E}.Release|Any CPU.Build.0 = Release|Any CPU
		{FC0AC18B-2D11-4ECC-A8F1-7391853F1F42}.Debug|Any CPU.ActiveCfg = Debug|Any CPU
		{FC0AC18B-2D11-4ECC-A8F1-7391853F1F42}.Debug|Any CPU.Build.0 = Debug|Any CPU
		{FC0AC18B-2D11-4ECC-A8F1-7391853F1F42}.Release|Any CPU.ActiveCfg = Release|Any CPU
		{FC0AC18B-2D11-4ECC-A8F1-7391853F1F42}.Release|Any CPU.Build.0 = Release|Any CPU
		{9A630581-B5EC-4082-867A-8EFD6EBB051B}.Debug|Any CPU.ActiveCfg = Debug|Any CPU
		{9A630581-B5EC-4082-867A-8EFD6EBB051B}.Debug|Any CPU.Build.0 = Debug|Any CPU
		{9A630581-B5EC-4082-867A-8EFD6EBB051B}.Release|Any CPU.ActiveCfg = Release|Any CPU
		{9A630581-B5EC-4082-867A-8EFD6EBB051B}.Release|Any CPU.Build.0 = Release|Any CPU
		{E312F1BA-8700-4FB7-8D70-288CE35B4670}.Debug|Any CPU.ActiveCfg = Debug|Any CPU
		{E312F1BA-8700-4FB7-8D70-288CE35B4670}.Debug|Any CPU.Build.0 = Debug|Any CPU
		{E312F1BA-8700-4FB7-8D70-288CE35B4670}.Release|Any CPU.ActiveCfg = Release|Any CPU
		{E312F1BA-8700-4FB7-8D70-288CE35B4670}.Release|Any CPU.Build.0 = Release|Any CPU
		{E87906E4-1E0F-4EA5-B66F-DA02091AAB5E}.Debug|Any CPU.ActiveCfg = Debug|Any CPU
		{E87906E4-1E0F-4EA5-B66F-DA02091AAB5E}.Debug|Any CPU.Build.0 = Debug|Any CPU
		{E87906E4-1E0F-4EA5-B66F-DA02091AAB5E}.Release|Any CPU.ActiveCfg = Release|Any CPU
		{E87906E4-1E0F-4EA5-B66F-DA02091AAB5E}.Release|Any CPU.Build.0 = Release|Any CPU
	EndGlobalSection
EndGlobal
